
Microsoft Visual Studio Solution File, Format Version 12.00
# Visual Studio Version 17
VisualStudioVersion = 17.8.34511.84
MinimumVisualStudioVersion = 10.0.40219.1
Project("{FAE04EC0-301F-11D3-BF4B-00C04F79EFBC}") = "_14_PB", "_14_PB\_14_PB.csproj", "{71F77CF4-8A91-461D-96DC-D4E7D30893ED}"
EndProject
Global
	GlobalSection(SolutionConfigurationPlatforms) = preSolution
		Debug|Any CPU = Debug|Any CPU
		Release|Any CPU = Release|Any CPU
	EndGlobalSection
	GlobalSection(ProjectConfigurationPlatforms) = postSolution
		{71F77CF4-8A91-461D-96DC-D4E7D30893ED}.Debug|Any CPU.ActiveCfg = Debug|Any CPU
		{71F77CF4-8A91-461D-96DC-D4E7D30893ED}.Debug|Any CPU.Build.0 = Debug|Any CPU
		{71F77CF4-8A91-461D-96DC-D4E7D30893ED}.Release|Any CPU.ActiveCfg = Release|Any CPU
		{71F77CF4-8A91-461D-96DC-D4E7D30893ED}.Release|Any CPU.Build.0 = Release|Any CPU
	EndGlobalSection
	GlobalSection(SolutionProperties) = preSolution
		HideSolutionNode = FALSE
	EndGlobalSection
	GlobalSection(ExtensibilityGlobals) = postSolution
		SolutionGuid = {564B8611-5C1B-48F1-8E2A-962F103ECA5D}
	EndGlobalSection
EndGlobal
